
Microsoft Visual Studio Solution File, Format Version 12.00
# Visual Studio 15
VisualStudioVersion = 15.0.26730.15
MinimumVisualStudioVersion = 10.0.40219.1
Project("{FAE04EC0-301F-11D3-BF4B-00C04F79EFBC}") = "ShoppingCart", "ShoppingCart\ShoppingCart.csproj", "{171EC190-78E8-4291-9449-162BCA926A9F}"
EndProject
Project("{FAE04EC0-301F-11D3-BF4B-00C04F79EFBC}") = "XCartTest", "XCartTest\XCartTest.csproj", "{031331E9-E079-4EF2-8434-D3FA013EA7E1}"
EndProject
Global
	GlobalSection(SolutionConfigurationPlatforms) = preSolution
		Debug|Any CPU = Debug|Any CPU
		Release|Any CPU = Release|Any CPU
	EndGlobalSection
	GlobalSection(ProjectConfigurationPlatforms) = postSolution
		{171EC190-78E8-4291-9449-162BCA926A9F}.Debug|Any CPU.ActiveCfg = Debug|Any CPU
		{171EC190-78E8-4291-9449-162BCA926A9F}.Debug|Any CPU.Build.0 = Debug|Any CPU
		{171EC190-78E8-4291-9449-162BCA926A9F}.Release|Any CPU.ActiveCfg = Release|Any CPU
		{171EC190-78E8-4291-9449-162BCA926A9F}.Release|Any CPU.Build.0 = Release|Any CPU
		{031331E9-E079-4EF2-8434-D3FA013EA7E1}.Debug|Any CPU.ActiveCfg = Debug|Any CPU
		{031331E9-E079-4EF2-8434-D3FA013EA7E1}.Debug|Any CPU.Build.0 = Debug|Any CPU
		{031331E9-E079-4EF2-8434-D3FA013EA7E1}.Release|Any CPU.ActiveCfg = Release|Any CPU
		{031331E9-E079-4EF2-8434-D3FA013EA7E1}.Release|Any CPU.Build.0 = Release|Any CPU
	EndGlobalSection
	GlobalSection(SolutionProperties) = preSolution
		HideSolutionNode = FALSE
	EndGlobalSection
	GlobalSection(ExtensibilityGlobals) = postSolution
		SolutionGuid = {DC88363C-069B-47C0-B8A2-876073C0D691}
	EndGlobalSection
EndGlobal
